// !$*UTF8*$!
{
	archiveVersion = 1;
	classes = {
	};
	objectVersion = 50;
	objects = {

/* Begin PBXBuildFile section */
		933A1E0E2613350E0017FFBD /* ValidationFactory.swift in Sources */ = {isa = PBXBuildFile; fileRef = 933A1E0D2613350E0017FFBD /* ValidationFactory.swift */; };
		933A1E11261335230017FFBD /* TextFieldMapper.swift in Sources */ = {isa = PBXBuildFile; fileRef = 933A1E10261335230017FFBD /* TextFieldMapper.swift */; };
		933A1E1D2615672C0017FFBD /* ViewControllerProtocol.swift in Sources */ = {isa = PBXBuildFile; fileRef = 933A1E1C2615672C0017FFBD /* ViewControllerProtocol.swift */; };
		933A1E2026158BAE0017FFBD /* ID.swift in Sources */ = {isa = PBXBuildFile; fileRef = 933A1E1F26158BAE0017FFBD /* ID.swift */; };
		933A1E2326158BCF0017FFBD /* Password.swift in Sources */ = {isa = PBXBuildFile; fileRef = 933A1E2226158BCF0017FFBD /* Password.swift */; };
		933A1E2626158BF90017FFBD /* PasswordConfirm.swift in Sources */ = {isa = PBXBuildFile; fileRef = 933A1E2526158BF90017FFBD /* PasswordConfirm.swift */; };
		933A1E2926158C240017FFBD /* Email.swift in Sources */ = {isa = PBXBuildFile; fileRef = 933A1E2826158C240017FFBD /* Email.swift */; };
		933A1E2C26158C5D0017FFBD /* PhoneNumber.swift in Sources */ = {isa = PBXBuildFile; fileRef = 933A1E2B26158C5D0017FFBD /* PhoneNumber.swift */; };
		933A1E2F26158C6C0017FFBD /* Name.swift in Sources */ = {isa = PBXBuildFile; fileRef = 933A1E2E26158C6C0017FFBD /* Name.swift */; };
		934F55A62611988E0060588F /* AppDelegate.swift in Sources */ = {isa = PBXBuildFile; fileRef = 934F55A52611988E0060588F /* AppDelegate.swift */; };
		934F55A82611988E0060588F /* SceneDelegate.swift in Sources */ = {isa = PBXBuildFile; fileRef = 934F55A72611988E0060588F /* SceneDelegate.swift */; };
		934F55AA2611988E0060588F /* SignUpViewController.swift in Sources */ = {isa = PBXBuildFile; fileRef = 934F55A92611988E0060588F /* SignUpViewController.swift */; };
		934F55AD2611988E0060588F /* Main.storyboard in Resources */ = {isa = PBXBuildFile; fileRef = 934F55AB2611988E0060588F /* Main.storyboard */; };
		934F55AF2611988F0060588F /* Assets.xcassets in Resources */ = {isa = PBXBuildFile; fileRef = 934F55AE2611988F0060588F /* Assets.xcassets */; };
		934F55B22611988F0060588F /* LaunchScreen.storyboard in Resources */ = {isa = PBXBuildFile; fileRef = 934F55B02611988F0060588F /* LaunchScreen.storyboard */; };
		934F55BB26119AE70060588F /* User.swift in Sources */ = {isa = PBXBuildFile; fileRef = 934F55BA26119AE70060588F /* User.swift */; };
		934F55C026119B880060588F /* Information.swift in Sources */ = {isa = PBXBuildFile; fileRef = 934F55BF26119B880060588F /* Information.swift */; };
		934F55C42611A7D90060588F /* SignUpViewControllerDelegate.swift in Sources */ = {isa = PBXBuildFile; fileRef = 934F55C32611A7D90060588F /* SignUpViewControllerDelegate.swift */; };
		934F55CC2611B39C0060588F /* SignUpManager.swift in Sources */ = {isa = PBXBuildFile; fileRef = 934F55CB2611B39C0060588F /* SignUpManager.swift */; };
		934F55D12611D34F0060588F /* UserManageable.swift in Sources */ = {isa = PBXBuildFile; fileRef = 934F55D02611D34F0060588F /* UserManageable.swift */; };
		934F55D526120C960060588F /* SignUpManageable.swift in Sources */ = {isa = PBXBuildFile; fileRef = 934F55D426120C960060588F /* SignUpManageable.swift */; };
		AE0C504A2615B9A90016B40E /* NetworkAPI.swift in Sources */ = {isa = PBXBuildFile; fileRef = AE0C50492615B9A90016B40E /* NetworkAPI.swift */; };
/* End PBXBuildFile section */

/* Begin PBXFileReference section */
		933A1E0D2613350E0017FFBD /* ValidationFactory.swift */ = {isa = PBXFileReference; lastKnownFileType = sourcecode.swift; path = ValidationFactory.swift; sourceTree = "<group>"; };
		933A1E10261335230017FFBD /* TextFieldMapper.swift */ = {isa = PBXFileReference; lastKnownFileType = sourcecode.swift; path = TextFieldMapper.swift; sourceTree = "<group>"; };
		933A1E1C2615672C0017FFBD /* ViewControllerProtocol.swift */ = {isa = PBXFileReference; lastKnownFileType = sourcecode.swift; path = ViewControllerProtocol.swift; sourceTree = "<group>"; };
		933A1E1F26158BAE0017FFBD /* ID.swift */ = {isa = PBXFileReference; lastKnownFileType = sourcecode.swift; path = ID.swift; sourceTree = "<group>"; };
		933A1E2226158BCF0017FFBD /* Password.swift */ = {isa = PBXFileReference; lastKnownFileType = sourcecode.swift; path = Password.swift; sourceTree = "<group>"; };
		933A1E2526158BF90017FFBD /* PasswordConfirm.swift */ = {isa = PBXFileReference; lastKnownFileType = sourcecode.swift; path = PasswordConfirm.swift; sourceTree = "<group>"; };
		933A1E2826158C240017FFBD /* Email.swift */ = {isa = PBXFileReference; lastKnownFileType = sourcecode.swift; path = Email.swift; sourceTree = "<group>"; };
		933A1E2B26158C5D0017FFBD /* PhoneNumber.swift */ = {isa = PBXFileReference; lastKnownFileType = sourcecode.swift; path = PhoneNumber.swift; sourceTree = "<group>"; };
		933A1E2E26158C6C0017FFBD /* Name.swift */ = {isa = PBXFileReference; lastKnownFileType = sourcecode.swift; path = Name.swift; sourceTree = "<group>"; };
		934F55A22611988E0060588F /* SignUpApp.app */ = {isa = PBXFileReference; explicitFileType = wrapper.application; includeInIndex = 0; path = SignUpApp.app; sourceTree = BUILT_PRODUCTS_DIR; };
		934F55A52611988E0060588F /* AppDelegate.swift */ = {isa = PBXFileReference; lastKnownFileType = sourcecode.swift; path = AppDelegate.swift; sourceTree = "<group>"; };
		934F55A72611988E0060588F /* SceneDelegate.swift */ = {isa = PBXFileReference; lastKnownFileType = sourcecode.swift; path = SceneDelegate.swift; sourceTree = "<group>"; };
		934F55A92611988E0060588F /* SignUpViewController.swift */ = {isa = PBXFileReference; lastKnownFileType = sourcecode.swift; path = SignUpViewController.swift; sourceTree = "<group>"; };
		934F55AC2611988E0060588F /* Base */ = {isa = PBXFileReference; lastKnownFileType = file.storyboard; name = Base; path = Base.lproj/Main.storyboard; sourceTree = "<group>"; };
		934F55AE2611988F0060588F /* Assets.xcassets */ = {isa = PBXFileReference; lastKnownFileType = folder.assetcatalog; path = Assets.xcassets; sourceTree = "<group>"; };
		934F55B12611988F0060588F /* Base */ = {isa = PBXFileReference; lastKnownFileType = file.storyboard; name = Base; path = Base.lproj/LaunchScreen.storyboard; sourceTree = "<group>"; };
		934F55B32611988F0060588F /* Info.plist */ = {isa = PBXFileReference; lastKnownFileType = text.plist.xml; path = Info.plist; sourceTree = "<group>"; };
		934F55BA26119AE70060588F /* User.swift */ = {isa = PBXFileReference; lastKnownFileType = sourcecode.swift; path = User.swift; sourceTree = "<group>"; };
		934F55BF26119B880060588F /* Information.swift */ = {isa = PBXFileReference; lastKnownFileType = sourcecode.swift; path = Information.swift; sourceTree = "<group>"; };
		934F55C32611A7D90060588F /* SignUpViewControllerDelegate.swift */ = {isa = PBXFileReference; lastKnownFileType = sourcecode.swift; path = SignUpViewControllerDelegate.swift; sourceTree = "<group>"; };
		934F55CB2611B39C0060588F /* SignUpManager.swift */ = {isa = PBXFileReference; lastKnownFileType = sourcecode.swift; path = SignUpManager.swift; sourceTree = "<group>"; };
		934F55D02611D34F0060588F /* UserManageable.swift */ = {isa = PBXFileReference; lastKnownFileType = sourcecode.swift; path = UserManageable.swift; sourceTree = "<group>"; };
		934F55D426120C960060588F /* SignUpManageable.swift */ = {isa = PBXFileReference; lastKnownFileType = sourcecode.swift; path = SignUpManageable.swift; sourceTree = "<group>"; };
		AE0C50492615B9A90016B40E /* NetworkAPI.swift */ = {isa = PBXFileReference; lastKnownFileType = sourcecode.swift; path = NetworkAPI.swift; sourceTree = "<group>"; };
/* End PBXFileReference section */

/* Begin PBXFrameworksBuildPhase section */
		934F559F2611988E0060588F /* Frameworks */ = {
			isa = PBXFrameworksBuildPhase;
			buildActionMask = 2147483647;
			files = (
			);
			runOnlyForDeploymentPostprocessing = 0;
		};
/* End PBXFrameworksBuildPhase section */

/* Begin PBXGroup section */
		934F55992611988E0060588F = {
			isa = PBXGroup;
			children = (
				934F55A42611988E0060588F /* SignUpApp */,
				934F55A32611988E0060588F /* Products */,
			);
			sourceTree = "<group>";
		};
		934F55A32611988E0060588F /* Products */ = {
			isa = PBXGroup;
			children = (
				934F55A22611988E0060588F /* SignUpApp.app */,
			);
			name = Products;
			sourceTree = "<group>";
		};
		934F55A42611988E0060588F /* SignUpApp */ = {
			isa = PBXGroup;
			children = (
				934F55A52611988E0060588F /* AppDelegate.swift */,
				934F55A72611988E0060588F /* SceneDelegate.swift */,
				934F55A92611988E0060588F /* SignUpViewController.swift */,
				934F55C32611A7D90060588F /* SignUpViewControllerDelegate.swift */,
				933A1E1C2615672C0017FFBD /* ViewControllerProtocol.swift */,
				933A1E0D2613350E0017FFBD /* ValidationFactory.swift */,
				933A1E10261335230017FFBD /* TextFieldMapper.swift */,
				934F55CB2611B39C0060588F /* SignUpManager.swift */,
				934F55D426120C960060588F /* SignUpManageable.swift */,
				AE0C50492615B9A90016B40E /* NetworkAPI.swift */,
				934F55AB2611988E0060588F /* Main.storyboard */,
				934F55AE2611988F0060588F /* Assets.xcassets */,
				934F55B02611988F0060588F /* LaunchScreen.storyboard */,
				934F55B32611988F0060588F /* Info.plist */,
				934F55BD26119AEC0060588F /* Models */,
			);
			path = SignUpApp;
			sourceTree = "<group>";
		};
		934F55BD26119AEC0060588F /* Models */ = {
			isa = PBXGroup;
			children = (
				934F55BA26119AE70060588F /* User.swift */,
				933A1E1F26158BAE0017FFBD /* ID.swift */,
				933A1E2226158BCF0017FFBD /* Password.swift */,
				933A1E2526158BF90017FFBD /* PasswordConfirm.swift */,
				934F55BF26119B880060588F /* Information.swift */,
				933A1E2826158C240017FFBD /* Email.swift */,
				933A1E2B26158C5D0017FFBD /* PhoneNumber.swift */,
				933A1E2E26158C6C0017FFBD /* Name.swift */,
				934F55D02611D34F0060588F /* UserManageable.swift */,
			);
			path = Models;
			sourceTree = "<group>";
		};
/* End PBXGroup section */

/* Begin PBXNativeTarget section */
		934F55A12611988E0060588F /* SignUpApp */ = {
			isa = PBXNativeTarget;
			buildConfigurationList = 934F55B62611988F0060588F /* Build configuration list for PBXNativeTarget "SignUpApp" */;
			buildPhases = (
				934F559E2611988E0060588F /* Sources */,
				934F559F2611988E0060588F /* Frameworks */,
				934F55A02611988E0060588F /* Resources */,
			);
			buildRules = (
			);
			dependencies = (
			);
			name = SignUpApp;
			productName = SignUpApp;
			productReference = 934F55A22611988E0060588F /* SignUpApp.app */;
			productType = "com.apple.product-type.application";
		};
/* End PBXNativeTarget section */

/* Begin PBXProject section */
		934F559A2611988E0060588F /* Project object */ = {
			isa = PBXProject;
			attributes = {
				LastSwiftUpdateCheck = 1230;
				LastUpgradeCheck = 1230;
				TargetAttributes = {
					934F55A12611988E0060588F = {
						CreatedOnToolsVersion = 12.3;
					};
				};
			};
			buildConfigurationList = 934F559D2611988E0060588F /* Build configuration list for PBXProject "SignUpApp" */;
			compatibilityVersion = "Xcode 9.3";
			developmentRegion = en;
			hasScannedForEncodings = 0;
			knownRegions = (
				en,
				Base,
			);
			mainGroup = 934F55992611988E0060588F;
			productRefGroup = 934F55A32611988E0060588F /* Products */;
			projectDirPath = "";
			projectRoot = "";
			targets = (
				934F55A12611988E0060588F /* SignUpApp */,
			);
		};
/* End PBXProject section */

/* Begin PBXResourcesBuildPhase section */
		934F55A02611988E0060588F /* Resources */ = {
			isa = PBXResourcesBuildPhase;
			buildActionMask = 2147483647;
			files = (
				934F55B22611988F0060588F /* LaunchScreen.storyboard in Resources */,
				934F55AF2611988F0060588F /* Assets.xcassets in Resources */,
				934F55AD2611988E0060588F /* Main.storyboard in Resources */,
			);
			runOnlyForDeploymentPostprocessing = 0;
		};
/* End PBXResourcesBuildPhase section */

/* Begin PBXSourcesBuildPhase section */
		934F559E2611988E0060588F /* Sources */ = {
			isa = PBXSourcesBuildPhase;
			buildActionMask = 2147483647;
			files = (
				933A1E2026158BAE0017FFBD /* ID.swift in Sources */,
				933A1E1D2615672C0017FFBD /* ViewControllerProtocol.swift in Sources */,
				933A1E2626158BF90017FFBD /* PasswordConfirm.swift in Sources */,
				934F55BB26119AE70060588F /* User.swift in Sources */,
				934F55C42611A7D90060588F /* SignUpViewControllerDelegate.swift in Sources */,
				934F55AA2611988E0060588F /* SignUpViewController.swift in Sources */,
				933A1E2F26158C6C0017FFBD /* Name.swift in Sources */,
				933A1E11261335230017FFBD /* TextFieldMapper.swift in Sources */,
				933A1E2C26158C5D0017FFBD /* PhoneNumber.swift in Sources */,
				934F55D12611D34F0060588F /* UserManageable.swift in Sources */,
				934F55A62611988E0060588F /* AppDelegate.swift in Sources */,
				934F55D526120C960060588F /* SignUpManageable.swift in Sources */,
				934F55CC2611B39C0060588F /* SignUpManager.swift in Sources */,
				933A1E2326158BCF0017FFBD /* Password.swift in Sources */,
				933A1E0E2613350E0017FFBD /* ValidationFactory.swift in Sources */,
				934F55C026119B880060588F /* Information.swift in Sources */,
				933A1E2926158C240017FFBD /* Email.swift in Sources */,
				934F55A82611988E0060588F /* SceneDelegate.swift in Sources */,
				AE0C504A2615B9A90016B40E /* NetworkAPI.swift in Sources */,
			);
			runOnlyForDeploymentPostprocessing = 0;
		};
/* End PBXSourcesBuildPhase section */

/* Begin PBXVariantGroup section */
		934F55AB2611988E0060588F /* Main.storyboard */ = {
			isa = PBXVariantGroup;
			children = (
				934F55AC2611988E0060588F /* Base */,
			);
			name = Main.storyboard;
			sourceTree = "<group>";
		};
		934F55B02611988F0060588F /* LaunchScreen.storyboard */ = {
			isa = PBXVariantGroup;
			children = (
				934F55B12611988F0060588F /* Base */,
			);
			name = LaunchScreen.storyboard;
			sourceTree = "<group>";
		};
/* End PBXVariantGroup section */

/* Begin XCBuildConfiguration section */
		934F55B42611988F0060588F /* Debug */ = {
			isa = XCBuildConfiguration;
			buildSettings = {
				ALWAYS_SEARCH_USER_PATHS = NO;
				CLANG_ANALYZER_NONNULL = YES;
				CLANG_ANALYZER_NUMBER_OBJECT_CONVERSION = YES_AGGRESSIVE;
				CLANG_CXX_LANGUAGE_STANDARD = "gnu++14";
				CLANG_CXX_LIBRARY = "libc++";
				CLANG_ENABLE_MODULES = YES;
				CLANG_ENABLE_OBJC_ARC = YES;
				CLANG_ENABLE_OBJC_WEAK = YES;
				CLANG_WARN_BLOCK_CAPTURE_AUTORELEASING = YES;
				CLANG_WARN_BOOL_CONVERSION = YES;
				CLANG_WARN_COMMA = YES;
				CLANG_WARN_CONSTANT_CONVERSION = YES;
				CLANG_WARN_DEPRECATED_OBJC_IMPLEMENTATIONS = YES;
				CLANG_WARN_DIRECT_OBJC_ISA_USAGE = YES_ERROR;
				CLANG_WARN_DOCUMENTATION_COMMENTS = YES;
				CLANG_WARN_EMPTY_BODY = YES;
				CLANG_WARN_ENUM_CONVERSION = YES;
				CLANG_WARN_INFINITE_RECURSION = YES;
				CLANG_WARN_INT_CONVERSION = YES;
				CLANG_WARN_NON_LITERAL_NULL_CONVERSION = YES;
				CLANG_WARN_OBJC_IMPLICIT_RETAIN_SELF = YES;
				CLANG_WARN_OBJC_LITERAL_CONVERSION = YES;
				CLANG_WARN_OBJC_ROOT_CLASS = YES_ERROR;
				CLANG_WARN_QUOTED_INCLUDE_IN_FRAMEWORK_HEADER = YES;
				CLANG_WARN_RANGE_LOOP_ANALYSIS = YES;
				CLANG_WARN_STRICT_PROTOTYPES = YES;
				CLANG_WARN_SUSPICIOUS_MOVE = YES;
				CLANG_WARN_UNGUARDED_AVAILABILITY = YES_AGGRESSIVE;
				CLANG_WARN_UNREACHABLE_CODE = YES;
				CLANG_WARN__DUPLICATE_METHOD_MATCH = YES;
				COPY_PHASE_STRIP = NO;
				DEBUG_INFORMATION_FORMAT = dwarf;
				ENABLE_STRICT_OBJC_MSGSEND = YES;
				ENABLE_TESTABILITY = YES;
				GCC_C_LANGUAGE_STANDARD = gnu11;
				GCC_DYNAMIC_NO_PIC = NO;
				GCC_NO_COMMON_BLOCKS = YES;
				GCC_OPTIMIZATION_LEVEL = 0;
				GCC_PREPROCESSOR_DEFINITIONS = (
					"DEBUG=1",
					"$(inherited)",
				);
				GCC_WARN_64_TO_32_BIT_CONVERSION = YES;
				GCC_WARN_ABOUT_RETURN_TYPE = YES_ERROR;
				GCC_WARN_UNDECLARED_SELECTOR = YES;
				GCC_WARN_UNINITIALIZED_AUTOS = YES_AGGRESSIVE;
				GCC_WARN_UNUSED_FUNCTION = YES;
				GCC_WARN_UNUSED_VARIABLE = YES;
				IPHONEOS_DEPLOYMENT_TARGET = 14.3;
				MTL_ENABLE_DEBUG_INFO = INCLUDE_SOURCE;
				MTL_FAST_MATH = YES;
				ONLY_ACTIVE_ARCH = YES;
				SDKROOT = iphoneos;
				SWIFT_ACTIVE_COMPILATION_CONDITIONS = DEBUG;
				SWIFT_OPTIMIZATION_LEVEL = "-Onone";
			};
			name = Debug;
		};
		934F55B52611988F0060588F /* Release */ = {
			isa = XCBuildConfiguration;
			buildSettings = {
				ALWAYS_SEARCH_USER_PATHS = NO;
				CLANG_ANALYZER_NONNULL = YES;
				CLANG_ANALYZER_NUMBER_OBJECT_CONVERSION = YES_AGGRESSIVE;
				CLANG_CXX_LANGUAGE_STANDARD = "gnu++14";
				CLANG_CXX_LIBRARY = "libc++";
				CLANG_ENABLE_MODULES = YES;
				CLANG_ENABLE_OBJC_ARC = YES;
				CLANG_ENABLE_OBJC_WEAK = YES;
				CLANG_WARN_BLOCK_CAPTURE_AUTORELEASING = YES;
				CLANG_WARN_BOOL_CONVERSION = YES;
				CLANG_WARN_COMMA = YES;
				CLANG_WARN_CONSTANT_CONVERSION = YES;
				CLANG_WARN_DEPRECATED_OBJC_IMPLEMENTATIONS = YES;
				CLANG_WARN_DIRECT_OBJC_ISA_USAGE = YES_ERROR;
				CLANG_WARN_DOCUMENTATION_COMMENTS = YES;
				CLANG_WARN_EMPTY_BODY = YES;
				CLANG_WARN_ENUM_CONVERSION = YES;
				CLANG_WARN_INFINITE_RECURSION = YES;
				CLANG_WARN_INT_CONVERSION = YES;
				CLANG_WARN_NON_LITERAL_NULL_CONVERSION = YES;
				CLANG_WARN_OBJC_IMPLICIT_RETAIN_SELF = YES;
				CLANG_WARN_OBJC_LITERAL_CONVERSION = YES;
				CLANG_WARN_OBJC_ROOT_CLASS = YES_ERROR;
				CLANG_WARN_QUOTED_INCLUDE_IN_FRAMEWORK_HEADER = YES;
				CLANG_WARN_RANGE_LOOP_ANALYSIS = YES;
				CLANG_WARN_STRICT_PROTOTYPES = YES;
				CLANG_WARN_SUSPICIOUS_MOVE = YES;
				CLANG_WARN_UNGUARDED_AVAILABILITY = YES_AGGRESSIVE;
				CLANG_WARN_UNREACHABLE_CODE = YES;
				CLANG_WARN__DUPLICATE_METHOD_MATCH = YES;
				COPY_PHASE_STRIP = NO;
				DEBUG_INFORMATION_FORMAT = "dwarf-with-dsym";
				ENABLE_NS_ASSERTIONS = NO;
				ENABLE_STRICT_OBJC_MSGSEND = YES;
				GCC_C_LANGUAGE_STANDARD = gnu11;
				GCC_NO_COMMON_BLOCKS = YES;
				GCC_WARN_64_TO_32_BIT_CONVERSION = YES;
				GCC_WARN_ABOUT_RETURN_TYPE = YES_ERROR;
				GCC_WARN_UNDECLARED_SELECTOR = YES;
				GCC_WARN_UNINITIALIZED_AUTOS = YES_AGGRESSIVE;
				GCC_WARN_UNUSED_FUNCTION = YES;
				GCC_WARN_UNUSED_VARIABLE = YES;
				IPHONEOS_DEPLOYMENT_TARGET = 14.3;
				MTL_ENABLE_DEBUG_INFO = NO;
				MTL_FAST_MATH = YES;
				SDKROOT = iphoneos;
				SWIFT_COMPILATION_MODE = wholemodule;
				SWIFT_OPTIMIZATION_LEVEL = "-O";
				VALIDATE_PRODUCT = YES;
			};
			name = Release;
		};
		934F55B72611988F0060588F /* Debug */ = {
			isa = XCBuildConfiguration;
			buildSettings = {
				ASSETCATALOG_COMPILER_APPICON_NAME = AppIcon;
				ASSETCATALOG_COMPILER_GLOBAL_ACCENT_COLOR_NAME = AccentColor;
				CODE_SIGN_IDENTITY = "Apple Development";
				CODE_SIGN_STYLE = Automatic;
				DEVELOPMENT_TEAM = T79FMP6Q2L;
				INFOPLIST_FILE = SignUpApp/Info.plist;
				LD_RUNPATH_SEARCH_PATHS = (
					"$(inherited)",
					"@executable_path/Frameworks",
				);
				PRODUCT_BUNDLE_IDENTIFIER = SignUpApp;
				PRODUCT_NAME = "$(TARGET_NAME)";
				PROVISIONING_PROFILE_SPECIFIER = "";
				SWIFT_VERSION = 5.0;
				TARGETED_DEVICE_FAMILY = "1,2";
			};
			name = Debug;
		};
		934F55B82611988F0060588F /* Release */ = {
			isa = XCBuildConfiguration;
			buildSettings = {
				ASSETCATALOG_COMPILER_APPICON_NAME = AppIcon;
				ASSETCATALOG_COMPILER_GLOBAL_ACCENT_COLOR_NAME = AccentColor;
				CODE_SIGN_IDENTITY = "Apple Development";
				CODE_SIGN_STYLE = Automatic;
				DEVELOPMENT_TEAM = T79FMP6Q2L;
				INFOPLIST_FILE = SignUpApp/Info.plist;
				LD_RUNPATH_SEARCH_PATHS = (
					"$(inherited)",
					"@executable_path/Frameworks",
				);
				PRODUCT_BUNDLE_IDENTIFIER = SignUpApp;
				PRODUCT_NAME = "$(TARGET_NAME)";
				PROVISIONING_PROFILE_SPECIFIER = "";
				SWIFT_VERSION = 5.0;
				TARGETED_DEVICE_FAMILY = "1,2";
			};
			name = Release;
		};
/* End XCBuildConfiguration section */

/* Begin XCConfigurationList section */
		934F559D2611988E0060588F /* Build configuration list for PBXProject "SignUpApp" */ = {
			isa = XCConfigurationList;
			buildConfigurations = (
				934F55B42611988F0060588F /* Debug */,
				934F55B52611988F0060588F /* Release */,
			);
			defaultConfigurationIsVisible = 0;
			defaultConfigurationName = Release;
		};
		934F55B62611988F0060588F /* Build configuration list for PBXNativeTarget "SignUpApp" */ = {
			isa = XCConfigurationList;
			buildConfigurations = (
				934F55B72611988F0060588F /* Debug */,
				934F55B82611988F0060588F /* Release */,
			);
			defaultConfigurationIsVisible = 0;
			defaultConfigurationName = Release;
		};
/* End XCConfigurationList section */
	};
	rootObject = 934F559A2611988E0060588F /* Project object */;
}
